
Microsoft Visual Studio Solution File, Format Version 12.00
# Visual Studio Version 17
VisualStudioVersion = 17.11.35222.181
MinimumVisualStudioVersion = 10.0.40219.1
Project("{9A19103F-16F7-4668-BE54-9A1E7A4F7556}") = "N1", "N1\N1.csproj", "{347279A1-A144-43A7-8E16-496416E0F24F}"
EndProject
Global
	GlobalSection(SolutionConfigurationPlatforms) = preSolution
		Debug|Any CPU = Debug|Any CPU
		Release|Any CPU = Release|Any CPU
	EndGlobalSection
	GlobalSection(ProjectConfigurationPlatforms) = postSolution
		{347279A1-A144-43A7-8E16-496416E0F24F}.Debug|Any CPU.ActiveCfg = Debug|Any CPU
		{347279A1-A144-43A7-8E16-496416E0F24F}.Debug|Any CPU.Build.0 = Debug|Any CPU
		{347279A1-A144-43A7-8E16-496416E0F24F}.Release|Any CPU.ActiveCfg = Release|Any CPU
		{347279A1-A144-43A7-8E16-496416E0F24F}.Release|Any CPU.Build.0 = Release|Any CPU
	EndGlobalSection
	GlobalSection(SolutionProperties) = preSolution
		HideSolutionNode = FALSE
	EndGlobalSection
	GlobalSection(ExtensibilityGlobals) = postSolution
		SolutionGuid = {87556368-E40E-432F-8581-8C040D9B55BD}
	EndGlobalSection
EndGlobal
